# @generated - this file is auto-generated by `mise lock` https://mise.jdx.dev/dev-tools/mise-lock.html

lockfile_version = 2

[[tools."cargo:refinery_cli"]]
version = "0.9.2"
backend = "cargo:refinery_cli"
specifiers = ["0.9.2"]

[[tools.cmake]]
version = "3.31.7"
backend = "aqua:Kitware/CMake"
specifiers = ["3.31.7"]

[tools.cmake."platforms.linux-arm64"]
url = "https://github.com/Kitware/CMake/releases/download/v3.31.7/cmake-3.31.7-linux-aarch64.tar.gz"
url_api = "https://api.github.com/repos/Kitware/CMake/releases/assets/245266284"

[tools.cmake."platforms.linux-arm64-musl"]
url = "https://github.com/Kitware/CMake/releases/download/v3.31.7/cmake-3.31.7-linux-aarch64.tar.gz"
url_api = "https://api.github.com/repos/Kitware/CMake/releases/assets/245266284"

[tools.cmake."platforms.linux-x64"]
url = "https://github.com/Kitware/CMake/releases/download/v3.31.7/cmake-3.31.7-linux-x86_64.tar.gz"
url_api = "https://api.github.com/repos/Kitware/CMake/releases/assets/245266305"

[tools.cmake."platforms.linux-x64-musl"]
url = "https://github.com/Kitware/CMake/releases/download/v3.31.7/cmake-3.31.7-linux-x86_64.tar.gz"
url_api = "https://api.github.com/repos/Kitware/CMake/releases/assets/245266305"

[tools.cmake."platforms.macos-arm64"]
url = "https://github.com/Kitware/CMake/releases/download/v3.31.7/cmake-3.31.7-macos-universal.tar.gz"
url_api = "https://api.github.com/repos/Kitware/CMake/releases/assets/245266318"

[tools.cmake."platforms.macos-x64"]
url = "https://github.com/Kitware/CMake/releases/download/v3.31.7/cmake-3.31.7-macos-universal.tar.gz"
url_api = "https://api.github.com/repos/Kitware/CMake/releases/assets/245266318"

[tools.cmake."platforms.windows-x64"]
url = "https://github.com/Kitware/CMake/releases/download/v3.31.7/cmake-3.31.7-windows-x86_64.zip"
url_api = "https://api.github.com/repos/Kitware/CMake/releases/assets/245266431"

[[tools.pnpm]]
version = "9.0.6"
backend = "aqua:pnpm/pnpm"
specifiers = ["9.0.6"]

[tools.pnpm."platforms.linux-arm64"]
url = "https://github.com/pnpm/pnpm/releases/download/v9.0.6/pnpm-linux-arm64"
url_api = "https://api.github.com/repos/pnpm/pnpm/releases/assets/163972616"

[tools.pnpm."platforms.linux-arm64-musl"]
url = "https://github.com/pnpm/pnpm/releases/download/v9.0.6/pnpm-linux-arm64"
url_api = "https://api.github.com/repos/pnpm/pnpm/releases/assets/163972616"

[tools.pnpm."platforms.linux-x64"]
url = "https://github.com/pnpm/pnpm/releases/download/v9.0.6/pnpm-linux-x64"
url_api = "https://api.github.com/repos/pnpm/pnpm/releases/assets/163972618"

[tools.pnpm."platforms.linux-x64-musl"]
url = "https://github.com/pnpm/pnpm/releases/download/v9.0.6/pnpm-linux-x64"
url_api = "https://api.github.com/repos/pnpm/pnpm/releases/assets/163972618"

[tools.pnpm."platforms.macos-arm64"]
url = "https://github.com/pnpm/pnpm/releases/download/v9.0.6/pnpm-macos-arm64"
url_api = "https://api.github.com/repos/pnpm/pnpm/releases/assets/163972614"

[tools.pnpm."platforms.macos-x64"]
url = "https://github.com/pnpm/pnpm/releases/download/v9.0.6/pnpm-macos-x64"
url_api = "https://api.github.com/repos/pnpm/pnpm/releases/assets/163972617"

[tools.pnpm."platforms.windows-x64"]
url = "https://github.com/pnpm/pnpm/releases/download/v9.0.6/pnpm-win-x64.exe"
url_api = "https://api.github.com/repos/pnpm/pnpm/releases/assets/163972620"

[[tools.protoc]]
version = "21.8"
backend = "aqua:protocolbuffers/protobuf/protoc"
specifiers = ["21.8"]

[tools.protoc."platforms.linux-arm64"]
url = "https://github.com/protocolbuffers/protobuf/releases/download/v21.8/protoc-21.8-linux-aarch_64.zip"
url_api = "https://api.github.com/repos/protocolbuffers/protobuf/releases/assets/81445407"

[tools.protoc."platforms.linux-arm64-musl"]
url = "https://github.com/protocolbuffers/protobuf/releases/download/v21.8/protoc-21.8-linux-aarch_64.zip"
url_api = "https://api.github.com/repos/protocolbuffers/protobuf/releases/assets/81445407"

[tools.protoc."platforms.linux-x64"]
url = "https://github.com/protocolbuffers/protobuf/releases/download/v21.8/protoc-21.8-linux-x86_64.zip"
url_api = "https://api.github.com/repos/protocolbuffers/protobuf/releases/assets/81445413"

[tools.protoc."platforms.linux-x64-musl"]
url = "https://github.com/protocolbuffers/protobuf/releases/download/v21.8/protoc-21.8-linux-x86_64.zip"
url_api = "https://api.github.com/repos/protocolbuffers/protobuf/releases/assets/81445413"

[tools.protoc."platforms.macos-arm64"]
url = "https://github.com/protocolbuffers/protobuf/releases/download/v21.8/protoc-21.8-osx-aarch_64.zip"
url_api = "https://api.github.com/repos/protocolbuffers/protobuf/releases/assets/81445414"

[tools.protoc."platforms.macos-x64"]
url = "https://github.com/protocolbuffers/protobuf/releases/download/v21.8/protoc-21.8-osx-x86_64.zip"
url_api = "https://api.github.com/repos/protocolbuffers/protobuf/releases/assets/81445416"

[tools.protoc."platforms.windows-x64"]
url = "https://github.com/protocolbuffers/protobuf/releases/download/v21.8/protoc-21.8-win64.zip"
url_api = "https://api.github.com/repos/protocolbuffers/protobuf/releases/assets/81445418"

[[tools.python]]
version = "3.12.14"
backend = "core:python"
specifiers = ["3.12"]

[tools.python."platforms.linux-arm64"]
checksum = "sha256:577b4bec0793ad1ff0cbff9adbd0df078eddde38a4c41bf5d83ad381a85ee39d"
url = "https://github.com/astral-sh/python-build-standalone/releases/download/20260901/cpython-3.12.14+20260901-aarch64-unknown-linux-gnu-install_only_stripped.tar.gz"
provenance = "github-attestations"

[tools.python."platforms.linux-arm64-musl"]
checksum = "sha256:a0ad6f01b9204eba573a08927097b78143c564f98bea68a41ea1e172f041da3a"
url = "https://github.com/astral-sh/python-build-standalone/releases/download/20260901/cpython-3.12.14+20260901-aarch64-unknown-linux-musl-install_only_stripped.tar.gz"
provenance = "github-attestations"

[tools.python."platforms.linux-x64"]
checksum = "sha256:72748da13197c1fb161e3afeef20a6a385ff24f2165e6e2758e47008e7faba4c"
url = "https://github.com/astral-sh/python-build-standalone/releases/download/20260901/cpython-3.12.14+20260901-x86_64-unknown-linux-gnu-install_only_stripped.tar.gz"
provenance = "github-attestations"

[tools.python."platforms.linux-x64-musl"]
checksum = "sha256:1f37044c8cdbd74d5ee112a753c65ef209fedd169c98f3e4e748a93e27eb27a4"
url = "https://github.com/astral-sh/python-build-standalone/releases/download/20260901/cpython-3.12.14+20260901-x86_64-unknown-linux-musl-install_only_stripped.tar.gz"
provenance = "github-attestations"

[tools.python."platforms.macos-arm64"]
checksum = "sha256:81a359f1cfadd4da11766534c5913791cea55f26e1bb902cacd2a531bb1e4b2b"
url = "https://github.com/astral-sh/python-build-standalone/releases/download/20260901/cpython-3.12.14+20260901-aarch64-apple-darwin-install_only_stripped.tar.gz"
provenance = "github-attestations"

[tools.python."platforms.macos-x64"]
checksum = "sha256:65b195c9cedc1fef6767f044f9822069adbd1bd9204d424ece4628776fdc04bb"
url = "https://github.com/astral-sh/python-build-standalone/releases/download/20260901/cpython-3.12.14+20260901-x86_64-apple-darwin-install_only_stripped.tar.gz"
provenance = "github-attestations"

[tools.python."platforms.windows-x64"]
checksum = "sha256:7c45c9622400d578709a9b2cddbe8124cc21d382409d9f13406d706d28e31b14"
url = "https://github.com/astral-sh/python-build-standalone/releases/download/20260901/cpython-3.12.14+20260901-x86_64-pc-windows-msvc-install_only_stripped.tar.gz"
provenance = "github-attestations"

[[tools.rust]]
version = "1.95.0"
backend = "core:rust"
specifiers = ["1.95"]

[[tools.watchexec]]
version = "2.7.3"
backend = "aqua:watchexec/watchexec"
specifiers = ["latest"]

[tools.watchexec."platforms.linux-arm64"]
checksum = "sha256:02b3e2beddf96fef5fb2b88849902e3cf9e96da87968bdfb7a488700d64142cc"
url = "https://github.com/watchexec/watchexec/releases/download/v2.7.3/watchexec-2.7.3-aarch64-unknown-linux-gnu.tar.xz"
url_api = "https://api.github.com/repos/watchexec/watchexec/releases/assets/565495662"

[tools.watchexec."platforms.linux-arm64-musl"]
checksum = "sha256:80bd9acfc25e4035624d99585b2f920add5ecbdc0c732c4e42fa1451b63d80a5"
url = "https://github.com/watchexec/watchexec/releases/download/v2.7.3/watchexec-2.7.3-aarch64-unknown-linux-musl.tar.xz"
url_api = "https://api.github.com/repos/watchexec/watchexec/releases/assets/565495670"

[tools.watchexec."platforms.linux-x64"]
checksum = "sha256:8ace3a1d2e752d189f28b6766311d58f155ab977fae66aba60b111ec8aec2f64"
url = "https://github.com/watchexec/watchexec/releases/download/v2.7.3/watchexec-2.7.3-x86_64-unknown-linux-gnu.tar.xz"
url_api = "https://api.github.com/repos/watchexec/watchexec/releases/assets/565495660"

[tools.watchexec."platforms.linux-x64-musl"]
checksum = "sha256:b5bcd00ae3ebb53f7ea5d499fdf98bda14711589a7ecc0619e1847586beaa24d"
url = "https://github.com/watchexec/watchexec/releases/download/v2.7.3/watchexec-2.7.3-x86_64-unknown-linux-musl.tar.xz"
url_api = "https://api.github.com/repos/watchexec/watchexec/releases/assets/565495691"

[tools.watchexec."platforms.macos-arm64"]
checksum = "sha256:bb2a3acc02de5c64f87779fc0226274d47d79026c6df969c8c1034a110b2efad"
url = "https://github.com/watchexec/watchexec/releases/download/v2.7.3/watchexec-2.7.3-aarch64-apple-darwin.tar.xz"
url_api = "https://api.github.com/repos/watchexec/watchexec/releases/assets/565495664"

[tools.watchexec."platforms.macos-x64"]
checksum = "sha256:ddca28bbd6b219a14ffec4893d56dad2e29cfc8b3e47f49e275706c9af20b4c2"
url = "https://github.com/watchexec/watchexec/releases/download/v2.7.3/watchexec-2.7.3-x86_64-apple-darwin.tar.xz"
url_api = "https://api.github.com/repos/watchexec/watchexec/releases/assets/565495778"

[tools.watchexec."platforms.windows-x64"]
checksum = "sha256:c20d195ffe0a9f90bc3067db2cc0d991c33aaf1591b20531f4aa8999a20bce67"
url = "https://github.com/watchexec/watchexec/releases/download/v2.7.3/watchexec-2.7.3-x86_64-pc-windows-msvc.zip"
url_api = "https://api.github.com/repos/watchexec/watchexec/releases/assets/565495696"
